
Microsoft Visual Studio Solution File, Format Version 12.00
# Visual Studio Version 16
VisualStudioVersion = 16.0.30804.86
MinimumVisualStudioVersion = 10.0.40219.1
Project("{8BC9CEB8-8B4A-11D0-8D11-00A0C91BC942}") = "sub", "sub\sub.vcxproj", "{1C0469B3-B257-478F-8CCE-E00E9A8ED7B0}"
EndProject
Project("{8BC9CEB8-8B4A-11D0-8D11-00A0C91BC942}") = "UnitTest1", "UnitTest1\UnitTest1.vcxproj", "{41EA5A08-F53D-45F8-B927-8B35B73BE84B}"
EndProject
Global
	GlobalSection(SolutionConfigurationPlatforms) = preSolution
		Debug|x64 = Debug|x64
		Debug|x86 = Debug|x86
		Release|x64 = Release|x64
		Release|x86 = Release|x86
	EndGlobalSection
	GlobalSection(ProjectConfigurationPlatforms) = postSolution
		{1C0469B3-B257-478F-8CCE-E00E9A8ED7B0}.Debug|x64.ActiveCfg = Debug|x64
		{1C0469B3-B257-478F-8CCE-E00E9A8ED7B0}.Debug|x64.Build.0 = Debug|x64
		{1C0469B3-B257-478F-8CCE-E00E9A8ED7B0}.Debug|x86.ActiveCfg = Debug|Win32
		{1C0469B3-B257-478F-8CCE-E00E9A8ED7B0}.Debug|x86.Build.0 = Debug|Win32
		{1C0469B3-B257-478F-8CCE-E00E9A8ED7B0}.Release|x64.ActiveCfg = Release|x64
		{1C0469B3-B257-478F-8CCE-E00E9A8ED7B0}.Release|x64.Build.0 = Release|x64
		{1C0469B3-B257-478F-8CCE-E00E9A8ED7B0}.Release|x86.ActiveCfg = Release|Win32
		{1C0469B3-B257-478F-8CCE-E00E9A8ED7B0}.Release|x86.Build.0 = Release|Win32
		{41EA5A08-F53D-45F8-B927-8B35B73BE84B}.Debug|x64.ActiveCfg = Debug|x64
		{41EA5A08-F53D-45F8-B927-8B35B73BE84B}.Debug|x64.Build.0 = Debug|x64
		{41EA5A08-F53D-45F8-B927-8B35B73BE84B}.Debug|x86.ActiveCfg = Debug|Win32
		{41EA5A08-F53D-45F8-B927-8B35B73BE84B}.Debug|x86.Build.0 = Debug|Win32
		{41EA5A08-F53D-45F8-B927-8B35B73BE84B}.Release|x64.ActiveCfg = Release|x64
		{41EA5A08-F53D-45F8-B927-8B35B73BE84B}.Release|x64.Build.0 = Release|x64
		{41EA5A08-F53D-45F8-B927-8B35B73BE84B}.Release|x86.ActiveCfg = Release|Win32
		{41EA5A08-F53D-45F8-B927-8B35B73BE84B}.Release|x86.Build.0 = Release|Win32
	EndGlobalSection
	GlobalSection(SolutionProperties) = preSolution
		HideSolutionNode = FALSE
	EndGlobalSection
	GlobalSection(ExtensibilityGlobals) = postSolution
		SolutionGuid = {1E62416C-4140-4806-91B8-6FDC6ECE9356}
	EndGlobalSection
EndGlobal
